dependencies:
  espressif/aht20:
    component_hash: 76e613c248fd7533483e592f995a72dbefadf396447a2e3570645b3da80abb7c
    dependencies:
    - name: espressif/cmake_utilities
      registry_url: https://components.espressif.com
      require: private
      version: '*'
    - name: espressif/i2c_bus
      registry_url: https://components.espressif.com
      require: public
      version: ^1.4.0
    - name: idf
      require: private
      version: '>=4.3'
    source:
      registry_url: https://components.espressif.com/
      type: service
    version: 2.0.0
  espressif/cmake_utilities:
    component_hash: 05165f30922b422b4b90c08845e6d449329b97370fbd06309803d8cb539d79e3
    dependencies:
    - name: idf
      require: private
      version: '>=4.1'
    source:
      registry_url: https://components.espressif.com
      type: service
    version: 1.1.1
  espressif/i2c_bus:
    component_hash: 4e990dc11734316186b489b362c61d41f23f79d58bc169795cec215e528cba14
    dependencies:
    - name: espressif/cmake_utilities
      registry_url: https://components.espressif.com
      require: private
      version: '*'
    - name: idf
      require: private
      version: '>=4.0'
    source:
      registry_url: https://components.espressif.com
      type: service
    version: 1.5.0
  espressif/ssd1306:
    component_hash: 102cfc05b1b304862fa3f494e9dd955844bcc5f6cb16596e4ca5df3e6bf9fd0d
    dependencies:
    - name: idf
      require: private
      version: '>=4.0'
    source:
      registry_url: https://components.espressif.com/
      type: service
    version: 1.0.5~1
  idf:
    source:
      type: idf
    version: 5.5.0
direct_dependencies:
- espressif/aht20
- espressif/ssd1306
manifest_hash: f60edbfb0f31e0b26baa8351d297f21421d438187ef7aedfd8d808e4ab690c15
target: esp32
version: 2.0.0
